{
  "name": "moned-base",
  "version": "0.1.0",
  "lockfileVersion": 2,
  "requires": true,
  "packages": {
    "": {
      "name": "moned-base",
      "version": "0.1.0",
      "dependencies": {
        "moned-full": "../moned-full"
      }
    },
    "../moned-full": {
      "version": "0.1.0",
      "dependencies": {
        "lit": "^2.1.1",
        "monaco-editor": "^0.31.1",
        "moned-base": "../moned-base"
      },
      "devDependencies": {
        "tslib": "^2.3.1"
      }
    },
    "node_modules/moned-full": {
      "resolved": "../moned-full",
      "link": true
    }
  },
  "dependencies": {
    "moned-full": {
      "version": "file:../moned-full",
      "requires": {
        "lit": "^2.1.1",
        "monaco-editor": "^0.31.1",
        "moned-base": "../moned-base",
        "tslib": "^2.3.1"
      }
    }
  }
}
